// !$*UTF8*$!
{
	archiveVersion = 1;
	classes = {
	};
	objectVersion = 56;
	objects = {

/* Begin PBXBuildFile section */
		72C528842B3C533F00FF2C37 /* DevAppApp.swift in Sources */ = {isa = PBXBuildFile; fileRef = 72C528832B3C533F00FF2C37 /* DevAppApp.swift */; };
		72C528862B3C533F00FF2C37 /* ContentView.swift in Sources */ = {isa = PBXBuildFile; fileRef = 72C528852B3C533F00FF2C37 /* ContentView.swift */; };
		72C528882B3C534000FF2C37 /* Assets.xcassets in Resources */ = {isa = PBXBuildFile; fileRef = 72C528872B3C534000FF2C37 /* Assets.xcassets */; };
		72C5288C2B3C534000FF2C37 /* Preview Assets.xcassets in Resources */ = {isa = PBXBuildFile; fileRef = 72C5288B2B3C534000FF2C37 /* Preview Assets.xcassets */; };
		72C528932B3C575C00FF2C37 /* CardView.swift in Sources */ = {isa = PBXBuildFile; fileRef = 72C528922B3C575C00FF2C37 /* CardView.swift */; };
		72C528952B3C577A00FF2C37 /* File.swift in Sources */ = {isa = PBXBuildFile; fileRef = 72C528942B3C577A00FF2C37 /* File.swift */; };
		72C528972B3C581300FF2C37 /* User.swift in Sources */ = {isa = PBXBuildFile; fileRef = 72C528962B3C581300FF2C37 /* User.swift */; };
		72C5289B2B3C767500FF2C37 /* FirebaseAnalytics in Frameworks */ = {isa = PBXBuildFile; productRef = 72C5289A2B3C767500FF2C37 /* FirebaseAnalytics */; };
		72C5289D2B3C767500FF2C37 /* FirebaseAnalyticsOnDeviceConversion in Frameworks */ = {isa = PBXBuildFile; productRef = 72C5289C2B3C767500FF2C37 /* FirebaseAnalyticsOnDeviceConversion */; };
		72C5289F2B3C767500FF2C37 /* FirebaseAnalyticsSwift in Frameworks */ = {isa = PBXBuildFile; productRef = 72C5289E2B3C767500FF2C37 /* FirebaseAnalyticsSwift */; };
		72C528A12B3C767500FF2C37 /* FirebaseAnalyticsWithoutAdIdSupport in Frameworks */ = {isa = PBXBuildFile; productRef = 72C528A02B3C767500FF2C37 /* FirebaseAnalyticsWithoutAdIdSupport */; };
		72C528A32B3C767500FF2C37 /* FirebaseAppCheck in Frameworks */ = {isa = PBXBuildFile; productRef = 72C528A22B3C767500FF2C37 /* FirebaseAppCheck */; };
		72C528A52B3C767500FF2C37 /* FirebaseAppDistribution-Beta in Frameworks */ = {isa = PBXBuildFile; productRef = 72C528A42B3C767500FF2C37 /* FirebaseAppDistribution-Beta */; };
		72C528A72B3C767500FF2C37 /* FirebaseAuth in Frameworks */ = {isa = PBXBuildFile; productRef = 72C528A62B3C767500FF2C37 /* FirebaseAuth */; };
		72C528A92B3C767500FF2C37 /* FirebaseAuthCombine-Community in Frameworks */ = {isa = PBXBuildFile; productRef = 72C528A82B3C767500FF2C37 /* FirebaseAuthCombine-Community */; };
		72C528AB2B3C767500FF2C37 /* FirebaseCrashlytics in Frameworks */ = {isa = PBXBuildFile; productRef = 72C528AA2B3C767500FF2C37 /* FirebaseCrashlytics */; };
		72C528AD2B3C767500FF2C37 /* FirebaseDatabase in Frameworks */ = {isa = PBXBuildFile; productRef = 72C528AC2B3C767500FF2C37 /* FirebaseDatabase */; };
		72C528AF2B3C767500FF2C37 /* FirebaseDatabaseSwift in Frameworks */ = {isa = PBXBuildFile; productRef = 72C528AE2B3C767500FF2C37 /* FirebaseDatabaseSwift */; };
		72C528B12B3C767500FF2C37 /* FirebaseDynamicLinks in Frameworks */ = {isa = PBXBuildFile; productRef = 72C528B02B3C767500FF2C37 /* FirebaseDynamicLinks */; };
		72C528B32B3C767500FF2C37 /* FirebaseFirestore in Frameworks */ = {isa = PBXBuildFile; productRef = 72C528B22B3C767500FF2C37 /* FirebaseFirestore */; };
		72C528B52B3C767500FF2C37 /* FirebaseFirestoreCombine-Community in Frameworks */ = {isa = PBXBuildFile; productRef = 72C528B42B3C767500FF2C37 /* FirebaseFirestoreCombine-Community */; };
		72C528B72B3C767500FF2C37 /* FirebaseFirestoreSwift in Frameworks */ = {isa = PBXBuildFile; productRef = 72C528B62B3C767500FF2C37 /* FirebaseFirestoreSwift */; };
		72C528B92B3C767500FF2C37 /* FirebaseFunctions in Frameworks */ = {isa = PBXBuildFile; productRef = 72C528B82B3C767500FF2C37 /* FirebaseFunctions */; };
		72C528BB2B3C767500FF2C37 /* FirebaseFunctionsCombine-Community in Frameworks */ = {isa = PBXBuildFile; productRef = 72C528BA2B3C767500FF2C37 /* FirebaseFunctionsCombine-Community */; };
		72C528BD2B3C767500FF2C37 /* FirebaseInAppMessaging-Beta in Frameworks */ = {isa = PBXBuildFile; productRef = 72C528BC2B3C767500FF2C37 /* FirebaseInAppMessaging-Beta */; };
		72C528BF2B3C767500FF2C37 /* FirebaseInAppMessagingSwift-Beta in Frameworks */ = {isa = PBXBuildFile; productRef = 72C528BE2B3C767500FF2C37 /* FirebaseInAppMessagingSwift-Beta */; };
		72C528C12B3C767500FF2C37 /* FirebaseInstallations in Frameworks */ = {isa = PBXBuildFile; productRef = 72C528C02B3C767500FF2C37 /* FirebaseInstallations */; };
		72C528C32B3C767500FF2C37 /* FirebaseMLModelDownloader in Frameworks */ = {isa = PBXBuildFile; productRef = 72C528C22B3C767500FF2C37 /* FirebaseMLModelDownloader */; };
		72C528C52B3C767500FF2C37 /* FirebaseMessaging in Frameworks */ = {isa = PBXBuildFile; productRef = 72C528C42B3C767500FF2C37 /* FirebaseMessaging */; };
		72C528C72B3C767500FF2C37 /* FirebasePerformance in Frameworks */ = {isa = PBXBuildFile; productRef = 72C528C62B3C767500FF2C37 /* FirebasePerformance */; };
		72C528C92B3C767500FF2C37 /* FirebaseRemoteConfig in Frameworks */ = {isa = PBXBuildFile; productRef = 72C528C82B3C767500FF2C37 /* FirebaseRemoteConfig */; };
		72C528CB2B3C767500FF2C37 /* FirebaseRemoteConfigSwift in Frameworks */ = {isa = PBXBuildFile; productRef = 72C528CA2B3C767500FF2C37 /* FirebaseRemoteConfigSwift */; };
		72C528CD2B3C767500FF2C37 /* FirebaseStorage in Frameworks */ = {isa = PBXBuildFile; productRef = 72C528CC2B3C767500FF2C37 /* FirebaseStorage */; };
		72C528CF2B3C767500FF2C37 /* FirebaseStorageCombine-Community in Frameworks */ = {isa = PBXBuildFile; productRef = 72C528CE2B3C767500FF2C37 /* FirebaseStorageCombine-Community */; };
		72C528D12B3C769A00FF2C37 /* GoogleService-Info.plist in Resources */ = {isa = PBXBuildFile; fileRef = 72C528D02B3C769A00FF2C37 /* GoogleService-Info.plist */; };
/* End PBXBuildFile section */

/* Begin PBXFileReference section */
		72C528802B3C533F00FF2C37 /* DevApp.app */ = {isa = PBXFileReference; explicitFileType = wrapper.application; includeInIndex = 0; path = DevApp.app; sourceTree = BUILT_PRODUCTS_DIR; };
		72C528832B3C533F00FF2C37 /* DevAppApp.swift */ = {isa = PBXFileReference; lastKnownFileType = sourcecode.swift; path = DevAppApp.swift; sourceTree = "<group>"; };
		72C528852B3C533F00FF2C37 /* ContentView.swift */ = {isa = PBXFileReference; lastKnownFileType = sourcecode.swift; path = ContentView.swift; sourceTree = "<group>"; };
		72C528872B3C534000FF2C37 /* Assets.xcassets */ = {isa = PBXFileReference; lastKnownFileType = folder.assetcatalog; path = Assets.xcassets; sourceTree = "<group>"; };
		72C528892B3C534000FF2C37 /* DevApp.entitlements */ = {isa = PBXFileReference; lastKnownFileType = text.plist.entitlements; path = DevApp.entitlements; sourceTree = "<group>"; };
		72C5288B2B3C534000FF2C37 /* Preview Assets.xcassets */ = {isa = PBXFileReference; lastKnownFileType = folder.assetcatalog; path = "Preview Assets.xcassets"; sourceTree = "<group>"; };
		72C528922B3C575C00FF2C37 /* CardView.swift */ = {isa = PBXFileReference; lastKnownFileType = sourcecode.swift; path = CardView.swift; sourceTree = "<group>"; };
		72C528942B3C577A00FF2C37 /* File.swift */ = {isa = PBXFileReference; lastKnownFileType = sourcecode.swift; path = File.swift; sourceTree = "<group>"; };
		72C528962B3C581300FF2C37 /* User.swift */ = {isa = PBXFileReference; lastKnownFileType = sourcecode.swift; path = User.swift; sourceTree = "<group>"; };
		72C528982B3C694800FF2C37 /* Info.plist */ = {isa = PBXFileReference; lastKnownFileType = text.plist; path = Info.plist; sourceTree = "<group>"; };
		72C528D02B3C769A00FF2C37 /* GoogleService-Info.plist */ = {isa = PBXFileReference; fileEncoding = 4; lastKnownFileType = text.plist.xml; path = "GoogleService-Info.plist"; sourceTree = "<group>"; };
/* End PBXFileReference section */

/* Begin PBXFrameworksBuildPhase section */
		72C5287D2B3C533F00FF2C37 /* Frameworks */ = {
			isa = PBXFrameworksBuildPhase;
			buildActionMask = 2147483647;
			files = (
				72C528AD2B3C767500FF2C37 /* FirebaseDatabase in Frameworks */,
				72C528BB2B3C767500FF2C37 /* FirebaseFunctionsCombine-Community in Frameworks */,
				72C528B32B3C767500FF2C37 /* FirebaseFirestore in Frameworks */,
				72C5289F2B3C767500FF2C37 /* FirebaseAnalyticsSwift in Frameworks */,
				72C5289B2B3C767500FF2C37 /* FirebaseAnalytics in Frameworks */,
				72C5289D2B3C767500FF2C37 /* FirebaseAnalyticsOnDeviceConversion in Frameworks */,
				72C528C32B3C767500FF2C37 /* FirebaseMLModelDownloader in Frameworks */,
				72C528B72B3C767500FF2C37 /* FirebaseFirestoreSwift in Frameworks */,
				72C528A32B3C767500FF2C37 /* FirebaseAppCheck in Frameworks */,
				72C528A12B3C767500FF2C37 /* FirebaseAnalyticsWithoutAdIdSupport in Frameworks */,
				72C528A72B3C767500FF2C37 /* FirebaseAuth in Frameworks */,
				72C528AB2B3C767500FF2C37 /* FirebaseCrashlytics in Frameworks */,
				72C528CB2B3C767500FF2C37 /* FirebaseRemoteConfigSwift in Frameworks */,
				72C528BD2B3C767500FF2C37 /* FirebaseInAppMessaging-Beta in Frameworks */,
				72C528AF2B3C767500FF2C37 /* FirebaseDatabaseSwift in Frameworks */,
				72C528B92B3C767500FF2C37 /* FirebaseFunctions in Frameworks */,
				72C528CF2B3C767500FF2C37 /* FirebaseStorageCombine-Community in Frameworks */,
				72C528C92B3C767500FF2C37 /* FirebaseRemoteConfig in Frameworks */,
				72C528A52B3C767500FF2C37 /* FirebaseAppDistribution-Beta in Frameworks */,
				72C528A92B3C767500FF2C37 /* FirebaseAuthCombine-Community in Frameworks */,
				72C528C72B3C767500FF2C37 /* FirebasePerformance in Frameworks */,
				72C528BF2B3C767500FF2C37 /* FirebaseInAppMessagingSwift-Beta in Frameworks */,
				72C528CD2B3C767500FF2C37 /* FirebaseStorage in Frameworks */,
				72C528B12B3C767500FF2C37 /* FirebaseDynamicLinks in Frameworks */,
				72C528B52B3C767500FF2C37 /* FirebaseFirestoreCombine-Community in Frameworks */,
				72C528C52B3C767500FF2C37 /* FirebaseMessaging in Frameworks */,
				72C528C12B3C767500FF2C37 /* FirebaseInstallations in Frameworks */,
			);
			runOnlyForDeploymentPostprocessing = 0;
		};
/* End PBXFrameworksBuildPhase section */

/* Begin PBXGroup section */
		72C528772B3C533F00FF2C37 = {
			isa = PBXGroup;
			children = (
				72C528822B3C533F00FF2C37 /* DevApp */,
				72C528812B3C533F00FF2C37 /* Products */,
			);
			sourceTree = "<group>";
		};
		72C528812B3C533F00FF2C37 /* Products */ = {
			isa = PBXGroup;
			children = (
				72C528802B3C533F00FF2C37 /* DevApp.app */,
			);
			name = Products;
			sourceTree = "<group>";
		};
		72C528822B3C533F00FF2C37 /* DevApp */ = {
			isa = PBXGroup;
			children = (
				72C528982B3C694800FF2C37 /* Info.plist */,
				72C528832B3C533F00FF2C37 /* DevAppApp.swift */,
				72C528852B3C533F00FF2C37 /* ContentView.swift */,
				72C528922B3C575C00FF2C37 /* CardView.swift */,
				72C528942B3C577A00FF2C37 /* File.swift */,
				72C528D02B3C769A00FF2C37 /* GoogleService-Info.plist */,
				72C528962B3C581300FF2C37 /* User.swift */,
				72C528872B3C534000FF2C37 /* Assets.xcassets */,
				72C528892B3C534000FF2C37 /* DevApp.entitlements */,
				72C5288A2B3C534000FF2C37 /* Preview Content */,
			);
			path = DevApp;
			sourceTree = "<group>";
		};
		72C5288A2B3C534000FF2C37 /* Preview Content */ = {
			isa = PBXGroup;
			children = (
				72C5288B2B3C534000FF2C37 /* Preview Assets.xcassets */,
			);
			path = "Preview Content";
			sourceTree = "<group>";
		};
/* End PBXGroup section */

/* Begin PBXNativeTarget section */
		72C5287F2B3C533F00FF2C37 /* DevApp */ = {
			isa = PBXNativeTarget;
			buildConfigurationList = 72C5288F2B3C534000FF2C37 /* Build configuration list for PBXNativeTarget "DevApp" */;
			buildPhases = (
				72C5287C2B3C533F00FF2C37 /* Sources */,
				72C5287D2B3C533F00FF2C37 /* Frameworks */,
				72C5287E2B3C533F00FF2C37 /* Resources */,
			);
			buildRules = (
			);
			dependencies = (
			);
			name = DevApp;
			packageProductDependencies = (
				72C5289A2B3C767500FF2C37 /* FirebaseAnalytics */,
				72C5289C2B3C767500FF2C37 /* FirebaseAnalyticsOnDeviceConversion */,
				72C5289E2B3C767500FF2C37 /* FirebaseAnalyticsSwift */,
				72C528A02B3C767500FF2C37 /* FirebaseAnalyticsWithoutAdIdSupport */,
				72C528A22B3C767500FF2C37 /* FirebaseAppCheck */,
				72C528A42B3C767500FF2C37 /* FirebaseAppDistribution-Beta */,
				72C528A62B3C767500FF2C37 /* FirebaseAuth */,
				72C528A82B3C767500FF2C37 /* FirebaseAuthCombine-Community */,
				72C528AA2B3C767500FF2C37 /* FirebaseCrashlytics */,
				72C528AC2B3C767500FF2C37 /* FirebaseDatabase */,
				72C528AE2B3C767500FF2C37 /* FirebaseDatabaseSwift */,
				72C528B02B3C767500FF2C37 /* FirebaseDynamicLinks */,
				72C528B22B3C767500FF2C37 /* FirebaseFirestore */,
				72C528B42B3C767500FF2C37 /* FirebaseFirestoreCombine-Community */,
				72C528B62B3C767500FF2C37 /* FirebaseFirestoreSwift */,
				72C528B82B3C767500FF2C37 /* FirebaseFunctions */,
				72C528BA2B3C767500FF2C37 /* FirebaseFunctionsCombine-Community */,
				72C528BC2B3C767500FF2C37 /* FirebaseInAppMessaging-Beta */,
				72C528BE2B3C767500FF2C37 /* FirebaseInAppMessagingSwift-Beta */,
				72C528C02B3C767500FF2C37 /* FirebaseInstallations */,
				72C528C22B3C767500FF2C37 /* FirebaseMLModelDownloader */,
				72C528C42B3C767500FF2C37 /* FirebaseMessaging */,
				72C528C62B3C767500FF2C37 /* FirebasePerformance */,
				72C528C82B3C767500FF2C37 /* FirebaseRemoteConfig */,
				72C528CA2B3C767500FF2C37 /* FirebaseRemoteConfigSwift */,
				72C528CC2B3C767500FF2C37 /* FirebaseStorage */,
				72C528CE2B3C767500FF2C37 /* FirebaseStorageCombine-Community */,
			);
			productName = DevApp;
			productReference = 72C528802B3C533F00FF2C37 /* DevApp.app */;
			productType = "com.apple.product-type.application";
		};
/* End PBXNativeTarget section */

/* Begin PBXProject section */
		72C528782B3C533F00FF2C37 /* Project object */ = {
			isa = PBXProject;
			attributes = {
				BuildIndependentTargetsInParallel = 1;
				LastSwiftUpdateCheck = 1500;
				LastUpgradeCheck = 1500;
				TargetAttributes = {
					72C5287F2B3C533F00FF2C37 = {
						CreatedOnToolsVersion = 15.0.1;
					};
				};
			};
			buildConfigurationList = 72C5287B2B3C533F00FF2C37 /* Build configuration list for PBXProject "DevApp" */;
			compatibilityVersion = "Xcode 14.0";
			developmentRegion = en;
			hasScannedForEncodings = 0;
			knownRegions = (
				en,
				Base,
			);
			mainGroup = 72C528772B3C533F00FF2C37;
			packageReferences = (
				72C528992B3C767500FF2C37 /* XCRemoteSwiftPackageReference "firebase-ios-sdk" */,
			);
			productRefGroup = 72C528812B3C533F00FF2C37 /* Products */;
			projectDirPath = "";
			projectRoot = "";
			targets = (
				72C5287F2B3C533F00FF2C37 /* DevApp */,
			);
		};
/* End PBXProject section */

/* Begin PBXResourcesBuildPhase section */
		72C5287E2B3C533F00FF2C37 /* Resources */ = {
			isa = PBXResourcesBuildPhase;
			buildActionMask = 2147483647;
			files = (
				72C5288C2B3C534000FF2C37 /* Preview Assets.xcassets in Resources */,
				72C528882B3C534000FF2C37 /* Assets.xcassets in Resources */,
				72C528D12B3C769A00FF2C37 /* GoogleService-Info.plist in Resources */,
			);
			runOnlyForDeploymentPostprocessing = 0;
		};
/* End PBXResourcesBuildPhase section */

/* Begin PBXSourcesBuildPhase section */
		72C5287C2B3C533F00FF2C37 /* Sources */ = {
			isa = PBXSourcesBuildPhase;
			buildActionMask = 2147483647;
			files = (
				72C528862B3C533F00FF2C37 /* ContentView.swift in Sources */,
				72C528952B3C577A00FF2C37 /* File.swift in Sources */,
				72C528932B3C575C00FF2C37 /* CardView.swift in Sources */,
				72C528972B3C581300FF2C37 /* User.swift in Sources */,
				72C528842B3C533F00FF2C37 /* DevAppApp.swift in Sources */,
			);
			runOnlyForDeploymentPostprocessing = 0;
		};
/* End PBXSourcesBuildPhase section */

/* Begin XCBuildConfiguration section */
		72C5288D2B3C534000FF2C37 /* Debug */ = {
			isa = XCBuildConfiguration;
			buildSettings = {
				ALWAYS_SEARCH_USER_PATHS = NO;
				ASSETCATALOG_COMPILER_GENERATE_SWIFT_ASSET_SYMBOL_EXTENSIONS = YES;
				CLANG_ANALYZER_NONNULL = YES;
				CLANG_ANALYZER_NUMBER_OBJECT_CONVERSION = YES_AGGRESSIVE;
				CLANG_CXX_LANGUAGE_STANDARD = "gnu++20";
				CLANG_ENABLE_MODULES = YES;
				CLANG_ENABLE_OBJC_ARC = YES;
				CLANG_ENABLE_OBJC_WEAK = YES;
				CLANG_WARN_BLOCK_CAPTURE_AUTORELEASING = YES;
				CLANG_WARN_BOOL_CONVERSION = YES;
				CLANG_WARN_COMMA = YES;
				CLANG_WARN_CONSTANT_CONVERSION = YES;
				CLANG_WARN_DEPRECATED_OBJC_IMPLEMENTATIONS = YES;
				CLANG_WARN_DIRECT_OBJC_ISA_USAGE = YES_ERROR;
				CLANG_WARN_DOCUMENTATION_COMMENTS = YES;
				CLANG_WARN_EMPTY_BODY = YES;
				CLANG_WARN_ENUM_CONVERSION = YES;
				CLANG_WARN_INFINITE_RECURSION = YES;
				CLANG_WARN_INT_CONVERSION = YES;
				CLANG_WARN_NON_LITERAL_NULL_CONVERSION = YES;
				CLANG_WARN_OBJC_IMPLICIT_RETAIN_SELF = YES;
				CLANG_WARN_OBJC_LITERAL_CONVERSION = YES;
				CLANG_WARN_OBJC_ROOT_CLASS = YES_ERROR;
				CLANG_WARN_QUOTED_INCLUDE_IN_FRAMEWORK_HEADER = YES;
				CLANG_WARN_RANGE_LOOP_ANALYSIS = YES;
				CLANG_WARN_STRICT_PROTOTYPES = YES;
				CLANG_WARN_SUSPICIOUS_MOVE = YES;
				CLANG_WARN_UNGUARDED_AVAILABILITY = YES_AGGRESSIVE;
				CLANG_WARN_UNREACHABLE_CODE = YES;
				CLANG_WARN__DUPLICATE_METHOD_MATCH = YES;
				CODE_SIGN_IDENTITY = "iPhone Developer: Kojiro Ito (4KAX6AW5LG)";
				COPY_PHASE_STRIP = NO;
				DEBUG_INFORMATION_FORMAT = dwarf;
				ENABLE_STRICT_OBJC_MSGSEND = YES;
				ENABLE_TESTABILITY = YES;
				ENABLE_USER_SCRIPT_SANDBOXING = YES;
				GCC_C_LANGUAGE_STANDARD = gnu17;
				GCC_DYNAMIC_NO_PIC = NO;
				GCC_NO_COMMON_BLOCKS = YES;
				GCC_OPTIMIZATION_LEVEL = 0;
				GCC_PREPROCESSOR_DEFINITIONS = (
					"DEBUG=1",
					"$(inherited)",
				);
				GCC_WARN_64_TO_32_BIT_CONVERSION = YES;
				GCC_WARN_ABOUT_RETURN_TYPE = YES_ERROR;
				GCC_WARN_UNDECLARED_SELECTOR = YES;
				GCC_WARN_UNINITIALIZED_AUTOS = YES_AGGRESSIVE;
				GCC_WARN_UNUSED_FUNCTION = YES;
				GCC_WARN_UNUSED_VARIABLE = YES;
				LOCALIZATION_PREFERS_STRING_CATALOGS = YES;
				MTL_ENABLE_DEBUG_INFO = INCLUDE_SOURCE;
				MTL_FAST_MATH = YES;
				ONLY_ACTIVE_ARCH = YES;
				SWIFT_ACTIVE_COMPILATION_CONDITIONS = "DEBUG $(inherited)";
				SWIFT_OPTIMIZATION_LEVEL = "-Onone";
			};
			name = Debug;
		};
		72C5288E2B3C534000FF2C37 /* Release */ = {
			isa = XCBuildConfiguration;
			buildSettings = {
				ALWAYS_SEARCH_USER_PATHS = NO;
				ASSETCATALOG_COMPILER_GENERATE_SWIFT_ASSET_SYMBOL_EXTENSIONS = YES;
				CLANG_ANALYZER_NONNULL = YES;
				CLANG_ANALYZER_NUMBER_OBJECT_CONVERSION = YES_AGGRESSIVE;
				CLANG_CXX_LANGUAGE_STANDARD = "gnu++20";
				CLANG_ENABLE_MODULES = YES;
				CLANG_ENABLE_OBJC_ARC = YES;
				CLANG_ENABLE_OBJC_WEAK = YES;
				CLANG_WARN_BLOCK_CAPTURE_AUTORELEASING = YES;
				CLANG_WARN_BOOL_CONVERSION = YES;
				CLANG_WARN_COMMA = YES;
				CLANG_WARN_CONSTANT_CONVERSION = YES;
				CLANG_WARN_DEPRECATED_OBJC_IMPLEMENTATIONS = YES;
				CLANG_WARN_DIRECT_OBJC_ISA_USAGE = YES_ERROR;
				CLANG_WARN_DOCUMENTATION_COMMENTS = YES;
				CLANG_WARN_EMPTY_BODY = YES;
				CLANG_WARN_ENUM_CONVERSION = YES;
				CLANG_WARN_INFINITE_RECURSION = YES;
				CLANG_WARN_INT_CONVERSION = YES;
				CLANG_WARN_NON_LITERAL_NULL_CONVERSION = YES;
				CLANG_WARN_OBJC_IMPLICIT_RETAIN_SELF = YES;
				CLANG_WARN_OBJC_LITERAL_CONVERSION = YES;
				CLANG_WARN_OBJC_ROOT_CLASS = YES_ERROR;
				CLANG_WARN_QUOTED_INCLUDE_IN_FRAMEWORK_HEADER = YES;
				CLANG_WARN_RANGE_LOOP_ANALYSIS = YES;
				CLANG_WARN_STRICT_PROTOTYPES = YES;
				CLANG_WARN_SUSPICIOUS_MOVE = YES;
				CLANG_WARN_UNGUARDED_AVAILABILITY = YES_AGGRESSIVE;
				CLANG_WARN_UNREACHABLE_CODE = YES;
				CLANG_WARN__DUPLICATE_METHOD_MATCH = YES;
				CODE_SIGN_IDENTITY = "iPhone Developer: Kojiro Ito (4KAX6AW5LG)";
				COPY_PHASE_STRIP = NO;
				DEBUG_INFORMATION_FORMAT = "dwarf-with-dsym";
				ENABLE_NS_ASSERTIONS = NO;
				ENABLE_STRICT_OBJC_MSGSEND = YES;
				ENABLE_USER_SCRIPT_SANDBOXING = YES;
				GCC_C_LANGUAGE_STANDARD = gnu17;
				GCC_NO_COMMON_BLOCKS = YES;
				GCC_WARN_64_TO_32_BIT_CONVERSION = YES;
				GCC_WARN_ABOUT_RETURN_TYPE = YES_ERROR;
				GCC_WARN_UNDECLARED_SELECTOR = YES;
				GCC_WARN_UNINITIALIZED_AUTOS = YES_AGGRESSIVE;
				GCC_WARN_UNUSED_FUNCTION = YES;
				GCC_WARN_UNUSED_VARIABLE = YES;
				LOCALIZATION_PREFERS_STRING_CATALOGS = YES;
				MTL_ENABLE_DEBUG_INFO = NO;
				MTL_FAST_MATH = YES;
				SWIFT_COMPILATION_MODE = wholemodule;
			};
			name = Release;
		};
		72C528902B3C534000FF2C37 /* Debug */ = {
			isa = XCBuildConfiguration;
			buildSettings = {
				ASSETCATALOG_COMPILER_APPICON_NAME = AppIcon;
				ASSETCATALOG_COMPILER_GLOBAL_ACCENT_COLOR_NAME = AccentColor;
				CODE_SIGN_ENTITLEMENTS = DevApp/DevApp.entitlements;
				CODE_SIGN_STYLE = Manual;
				CURRENT_PROJECT_VERSION = 1;
				DEVELOPMENT_ASSET_PATHS = "\"DevApp/Preview Content\"";
				DEVELOPMENT_TEAM = "";
				"DEVELOPMENT_TEAM[sdk=iphoneos*]" = N283MSGRX2;
				ENABLE_PREVIEWS = YES;
				GENERATE_INFOPLIST_FILE = YES;
				INFOPLIST_FILE = DevApp/Info.plist;
				"INFOPLIST_KEY_UIApplicationSceneManifest_Generation[sdk=iphoneos*]" = YES;
				"INFOPLIST_KEY_UIApplicationSceneManifest_Generation[sdk=iphonesimulator*]" = YES;
				"INFOPLIST_KEY_UIApplicationSupportsIndirectInputEvents[sdk=iphoneos*]" = YES;
				"INFOPLIST_KEY_UIApplicationSupportsIndirectInputEvents[sdk=iphonesimulator*]" = YES;
				"INFOPLIST_KEY_UILaunchScreen_Generation[sdk=iphoneos*]" = YES;
				"INFOPLIST_KEY_UILaunchScreen_Generation[sdk=iphonesimulator*]" = YES;
				"INFOPLIST_KEY_UIStatusBarStyle[sdk=iphoneos*]" = UIStatusBarStyleDefault;
				"INFOPLIST_KEY_UIStatusBarStyle[sdk=iphonesimulator*]" = UIStatusBarStyleDefault;
				INFOPLIST_KEY_UISupportedInterfaceOrientations_iPad = "UIInterfaceOrientationPortrait UIInterfaceOrientationPortraitUpsideDown UIInterfaceOrientationLandscapeLeft UIInterfaceOrientationLandscapeRight";
				INFOPLIST_KEY_UISupportedInterfaceOrientations_iPhone = "UIInterfaceOrientationPortrait UIInterfaceOrientationLandscapeLeft UIInterfaceOrientationLandscapeRight";
				IPHONEOS_DEPLOYMENT_TARGET = 17.0;
				LD_RUNPATH_SEARCH_PATHS = "@executable_path/Frameworks";
				"LD_RUNPATH_SEARCH_PATHS[sdk=macosx*]" = "@executable_path/../Frameworks";
				MACOSX_DEPLOYMENT_TARGET = 14.0;
				MARKETING_VERSION = 1.0;
				PRODUCT_BUNDLE_IDENTIFIER = "KojiroIto.CatchMee-client.DevApp";
				PRODUCT_NAME = "$(TARGET_NAME)";
				PROVISIONING_PROFILE_SPECIFIER = "";
				"PROVISIONING_PROFILE_SPECIFIER[sdk=iphoneos*]" = CatchMeeClientDevApp;
				SDKROOT = auto;
				SUPPORTED_PLATFORMS = "iphoneos iphonesimulator macosx";
				SWIFT_EMIT_LOC_STRINGS = YES;
				SWIFT_VERSION = 5.0;
				TARGETED_DEVICE_FAMILY = "1,2";
			};
			name = Debug;
		};
		72C528912B3C534000FF2C37 /* Release */ = {
			isa = XCBuildConfiguration;
			buildSettings = {
				ASSETCATALOG_COMPILER_APPICON_NAME = AppIcon;
				ASSETCATALOG_COMPILER_GLOBAL_ACCENT_COLOR_NAME = AccentColor;
				CODE_SIGN_ENTITLEMENTS = DevApp/DevApp.entitlements;
				CODE_SIGN_STYLE = Manual;
				CURRENT_PROJECT_VERSION = 1;
				DEVELOPMENT_ASSET_PATHS = "\"DevApp/Preview Content\"";
				DEVELOPMENT_TEAM = "";
				"DEVELOPMENT_TEAM[sdk=iphoneos*]" = N283MSGRX2;
				ENABLE_PREVIEWS = YES;
				GENERATE_INFOPLIST_FILE = YES;
				INFOPLIST_FILE = DevApp/Info.plist;
				"INFOPLIST_KEY_UIApplicationSceneManifest_Generation[sdk=iphoneos*]" = YES;
				"INFOPLIST_KEY_UIApplicationSceneManifest_Generation[sdk=iphonesimulator*]" = YES;
				"INFOPLIST_KEY_UIApplicationSupportsIndirectInputEvents[sdk=iphoneos*]" = YES;
				"INFOPLIST_KEY_UIApplicationSupportsIndirectInputEvents[sdk=iphonesimulator*]" = YES;
				"INFOPLIST_KEY_UILaunchScreen_Generation[sdk=iphoneos*]" = YES;
				"INFOPLIST_KEY_UILaunchScreen_Generation[sdk=iphonesimulator*]" = YES;
				"INFOPLIST_KEY_UIStatusBarStyle[sdk=iphoneos*]" = UIStatusBarStyleDefault;
				"INFOPLIST_KEY_UIStatusBarStyle[sdk=iphonesimulator*]" = UIStatusBarStyleDefault;
				INFOPLIST_KEY_UISupportedInterfaceOrientations_iPad = "UIInterfaceOrientationPortrait UIInterfaceOrientationPortraitUpsideDown UIInterfaceOrientationLandscapeLeft UIInterfaceOrientationLandscapeRight";
				INFOPLIST_KEY_UISupportedInterfaceOrientations_iPhone = "UIInterfaceOrientationPortrait UIInterfaceOrientationLandscapeLeft UIInterfaceOrientationLandscapeRight";
				IPHONEOS_DEPLOYMENT_TARGET = 17.0;
				LD_RUNPATH_SEARCH_PATHS = "@executable_path/Frameworks";
				"LD_RUNPATH_SEARCH_PATHS[sdk=macosx*]" = "@executable_path/../Frameworks";
				MACOSX_DEPLOYMENT_TARGET = 14.0;
				MARKETING_VERSION = 1.0;
				PRODUCT_BUNDLE_IDENTIFIER = "KojiroIto.CatchMee-client.DevApp";
				PRODUCT_NAME = "$(TARGET_NAME)";
				PROVISIONING_PROFILE_SPECIFIER = "";
				"PROVISIONING_PROFILE_SPECIFIER[sdk=iphoneos*]" = CatchMeeClientDevApp;
				SDKROOT = auto;
				SUPPORTED_PLATFORMS = "iphoneos iphonesimulator macosx";
				SWIFT_EMIT_LOC_STRINGS = YES;
				SWIFT_VERSION = 5.0;
				TARGETED_DEVICE_FAMILY = "1,2";
			};
			name = Release;
		};
/* End XCBuildConfiguration section */

/* Begin XCConfigurationList section */
		72C5287B2B3C533F00FF2C37 /* Build configuration list for PBXProject "DevApp" */ = {
			isa = XCConfigurationList;
			buildConfigurations = (
				72C5288D2B3C534000FF2C37 /* Debug */,
				72C5288E2B3C534000FF2C37 /* Release */,
			);
			defaultConfigurationIsVisible = 0;
			defaultConfigurationName = Release;
		};
		72C5288F2B3C534000FF2C37 /* Build configuration list for PBXNativeTarget "DevApp" */ = {
			isa = XCConfigurationList;
			buildConfigurations = (
				72C528902B3C534000FF2C37 /* Debug */,
				72C528912B3C534000FF2C37 /* Release */,
			);
			defaultConfigurationIsVisible = 0;
			defaultConfigurationName = Release;
		};
/* End XCConfigurationList section */

/* Begin XCRemoteSwiftPackageReference section */
		72C528992B3C767500FF2C37 /* XCRemoteSwiftPackageReference "firebase-ios-sdk" */ = {
			isa = XCRemoteSwiftPackageReference;
			repositoryURL = "https://github.com/firebase/firebase-ios-sdk.git";
			requirement = {
				kind = exactVersion;
				version = 10.19.1;
			};
		};
/* End XCRemoteSwiftPackageReference section */

/* Begin XCSwiftPackageProductDependency section */
		72C5289A2B3C767500FF2C37 /* FirebaseAnalytics */ = {
			isa = XCSwiftPackageProductDependency;
			package = 72C528992B3C767500FF2C37 /* XCRemoteSwiftPackageReference "firebase-ios-sdk" */;
			productName = FirebaseAnalytics;
		};
		72C5289C2B3C767500FF2C37 /* FirebaseAnalyticsOnDeviceConversion */ = {
			isa = XCSwiftPackageProductDependency;
			package = 72C528992B3C767500FF2C37 /* XCRemoteSwiftPackageReference "firebase-ios-sdk" */;
			productName = FirebaseAnalyticsOnDeviceConversion;
		};
		72C5289E2B3C767500FF2C37 /* FirebaseAnalyticsSwift */ = {
			isa = XCSwiftPackageProductDependency;
			package = 72C528992B3C767500FF2C37 /* XCRemoteSwiftPackageReference "firebase-ios-sdk" */;
			productName = FirebaseAnalyticsSwift;
		};
		72C528A02B3C767500FF2C37 /* FirebaseAnalyticsWithoutAdIdSupport */ = {
			isa = XCSwiftPackageProductDependency;
			package = 72C528992B3C767500FF2C37 /* XCRemoteSwiftPackageReference "firebase-ios-sdk" */;
			productName = FirebaseAnalyticsWithoutAdIdSupport;
		};
		72C528A22B3C767500FF2C37 /* FirebaseAppCheck */ = {
			isa = XCSwiftPackageProductDependency;
			package = 72C528992B3C767500FF2C37 /* XCRemoteSwiftPackageReference "firebase-ios-sdk" */;
			productName = FirebaseAppCheck;
		};
		72C528A42B3C767500FF2C37 /* FirebaseAppDistribution-Beta */ = {
			isa = XCSwiftPackageProductDependency;
			package = 72C528992B3C767500FF2C37 /* XCRemoteSwiftPackageReference "firebase-ios-sdk" */;
			productName = "FirebaseAppDistribution-Beta";
		};
		72C528A62B3C767500FF2C37 /* FirebaseAuth */ = {
			isa = XCSwiftPackageProductDependency;
			package = 72C528992B3C767500FF2C37 /* XCRemoteSwiftPackageReference "firebase-ios-sdk" */;
			productName = FirebaseAuth;
		};
		72C528A82B3C767500FF2C37 /* FirebaseAuthCombine-Community */ = {
			isa = XCSwiftPackageProductDependency;
			package = 72C528992B3C767500FF2C37 /* XCRemoteSwiftPackageReference "firebase-ios-sdk" */;
			productName = "FirebaseAuthCombine-Community";
		};
		72C528AA2B3C767500FF2C37 /* FirebaseCrashlytics */ = {
			isa = XCSwiftPackageProductDependency;
			package = 72C528992B3C767500FF2C37 /* XCRemoteSwiftPackageReference "firebase-ios-sdk" */;
			productName = FirebaseCrashlytics;
		};
		72C528AC2B3C767500FF2C37 /* FirebaseDatabase */ = {
			isa = XCSwiftPackageProductDependency;
			package = 72C528992B3C767500FF2C37 /* XCRemoteSwiftPackageReference "firebase-ios-sdk" */;
			productName = FirebaseDatabase;
		};
		72C528AE2B3C767500FF2C37 /* FirebaseDatabaseSwift */ = {
			isa = XCSwiftPackageProductDependency;
			package = 72C528992B3C767500FF2C37 /* XCRemoteSwiftPackageReference "firebase-ios-sdk" */;
			productName = FirebaseDatabaseSwift;
		};
		72C528B02B3C767500FF2C37 /* FirebaseDynamicLinks */ = {
			isa = XCSwiftPackageProductDependency;
			package = 72C528992B3C767500FF2C37 /* XCRemoteSwiftPackageReference "firebase-ios-sdk" */;
			productName = FirebaseDynamicLinks;
		};
		72C528B22B3C767500FF2C37 /* FirebaseFirestore */ = {
			isa = XCSwiftPackageProductDependency;
			package = 72C528992B3C767500FF2C37 /* XCRemoteSwiftPackageReference "firebase-ios-sdk" */;
			productName = FirebaseFirestore;
		};
		72C528B42B3C767500FF2C37 /* FirebaseFirestoreCombine-Community */ = {
			isa = XCSwiftPackageProductDependency;
			package = 72C528992B3C767500FF2C37 /* XCRemoteSwiftPackageReference "firebase-ios-sdk" */;
			productName = "FirebaseFirestoreCombine-Community";
		};
		72C528B62B3C767500FF2C37 /* FirebaseFirestoreSwift */ = {
			isa = XCSwiftPackageProductDependency;
			package = 72C528992B3C767500FF2C37 /* XCRemoteSwiftPackageReference "firebase-ios-sdk" */;
			productName = FirebaseFirestoreSwift;
		};
		72C528B82B3C767500FF2C37 /* FirebaseFunctions */ = {
			isa = XCSwiftPackageProductDependency;
			package = 72C528992B3C767500FF2C37 /* XCRemoteSwiftPackageReference "firebase-ios-sdk" */;
			productName = FirebaseFunctions;
		};
		72C528BA2B3C767500FF2C37 /* FirebaseFunctionsCombine-Community */ = {
			isa = XCSwiftPackageProductDependency;
			package = 72C528992B3C767500FF2C37 /* XCRemoteSwiftPackageReference "firebase-ios-sdk" */;
			productName = "FirebaseFunctionsCombine-Community";
		};
		72C528BC2B3C767500FF2C37 /* FirebaseInAppMessaging-Beta */ = {
			isa = XCSwiftPackageProductDependency;
			package = 72C528992B3C767500FF2C37 /* XCRemoteSwiftPackageReference "firebase-ios-sdk" */;
			productName = "FirebaseInAppMessaging-Beta";
		};
		72C528BE2B3C767500FF2C37 /* FirebaseInAppMessagingSwift-Beta */ = {
			isa = XCSwiftPackageProductDependency;
			package = 72C528992B3C767500FF2C37 /* XCRemoteSwiftPackageReference "firebase-ios-sdk" */;
			productName = "FirebaseInAppMessagingSwift-Beta";
		};
		72C528C02B3C767500FF2C37 /* FirebaseInstallations */ = {
			isa = XCSwiftPackageProductDependency;
			package = 72C528992B3C767500FF2C37 /* XCRemoteSwiftPackageReference "firebase-ios-sdk" */;
			productName = FirebaseInstallations;
		};
		72C528C22B3C767500FF2C37 /* FirebaseMLModelDownloader */ = {
			isa = XCSwiftPackageProductDependency;
			package = 72C528992B3C767500FF2C37 /* XCRemoteSwiftPackageReference "firebase-ios-sdk" */;
			productName = FirebaseMLModelDownloader;
		};
		72C528C42B3C767500FF2C37 /* FirebaseMessaging */ = {
			isa = XCSwiftPackageProductDependency;
			package = 72C528992B3C767500FF2C37 /* XCRemoteSwiftPackageReference "firebase-ios-sdk" */;
			productName = FirebaseMessaging;
		};
		72C528C62B3C767500FF2C37 /* FirebasePerformance */ = {
			isa = XCSwiftPackageProductDependency;
			package = 72C528992B3C767500FF2C37 /* XCRemoteSwiftPackageReference "firebase-ios-sdk" */;
			productName = FirebasePerformance;
		};
		72C528C82B3C767500FF2C37 /* FirebaseRemoteConfig */ = {
			isa = XCSwiftPackageProductDependency;
			package = 72C528992B3C767500FF2C37 /* XCRemoteSwiftPackageReference "firebase-ios-sdk" */;
			productName = FirebaseRemoteConfig;
		};
		72C528CA2B3C767500FF2C37 /* FirebaseRemoteConfigSwift */ = {
			isa = XCSwiftPackageProductDependency;
			package = 72C528992B3C767500FF2C37 /* XCRemoteSwiftPackageReference "firebase-ios-sdk" */;
			productName = FirebaseRemoteConfigSwift;
		};
		72C528CC2B3C767500FF2C37 /* FirebaseStorage */ = {
			isa = XCSwiftPackageProductDependency;
			package = 72C528992B3C767500FF2C37 /* XCRemoteSwiftPackageReference "firebase-ios-sdk" */;
			productName = FirebaseStorage;
		};
		72C528CE2B3C767500FF2C37 /* FirebaseStorageCombine-Community */ = {
			isa = XCSwiftPackageProductDependency;
			package = 72C528992B3C767500FF2C37 /* XCRemoteSwiftPackageReference "firebase-ios-sdk" */;
			productName = "FirebaseStorageCombine-Community";
		};
/* End XCSwiftPackageProductDependency section */
	};
	rootObject = 72C528782B3C533F00FF2C37 /* Project object */;
}
